// !$*UTF8*$!
{
	archiveVersion = 1;
	classes = {
	};
	objectVersion = 46;
	objects = {

/* Begin PBXBuildFile section */
		435C9DDE1CA2E7EE008A1753 /* UIButton+LXMImagePosition.m in Sources */ = {isa = PBXBuildFile; fileRef = 435C9DDD1CA2E7EE008A1753 /* UIButton+LXMImagePosition.m */; };
		43AE1EEE1AE948630031A3D6 /* main.m in Sources */ = {isa = PBXBuildFile; fileRef = 43AE1EED1AE948630031A3D6 /* main.m */; };
		43AE1EF11AE948630031A3D6 /* AppDelegate.m in Sources */ = {isa = PBXBuildFile; fileRef = 43AE1EF01AE948630031A3D6 /* AppDelegate.m */; };
		43AE1EF71AE948630031A3D6 /* Main.storyboard in Resources */ = {isa = PBXBuildFile; fileRef = 43AE1EF51AE948630031A3D6 /* Main.storyboard */; };
		43AE1EF91AE948630031A3D6 /* Images.xcassets in Resources */ = {isa = PBXBuildFile; fileRef = 43AE1EF81AE948630031A3D6 /* Images.xcassets */; };
		43AE1EFC1AE948630031A3D6 /* LaunchScreen.xib in Resources */ = {isa = PBXBuildFile; fileRef = 43AE1EFA1AE948630031A3D6 /* LaunchScreen.xib */; };
		43AE1F081AE948630031A3D6 /* Demo_ButtonImageTitleEdgeInsetsTests.m in Sources */ = {isa = PBXBuildFile; fileRef = 43AE1F071AE948630031A3D6 /* Demo_ButtonImageTitleEdgeInsetsTests.m */; };
		43AE1F131AE948C50031A3D6 /* TEST_ButtonViewController.m in Sources */ = {isa = PBXBuildFile; fileRef = 43AE1F121AE948C50031A3D6 /* TEST_ButtonViewController.m */; };
/* End PBXBuildFile section */

/* Begin PBXContainerItemProxy section */
		43AE1F021AE948630031A3D6 /* PBXContainerItemProxy */ = {
			isa = PBXContainerItemProxy;
			containerPortal = 43AE1EE01AE948630031A3D6 /* Project object */;
			proxyType = 1;
			remoteGlobalIDString = 43AE1EE71AE948630031A3D6;
			remoteInfo = Demo_ButtonImageTitleEdgeInsets;
		};
/* End PBXContainerItemProxy section */

/* Begin PBXFileReference section */
		435C9DDC1CA2E7EE008A1753 /* UIButton+LXMImagePosition.h */ = {isa = PBXFileReference; fileEncoding = 4; lastKnownFileType = sourcecode.c.h; path = "UIButton+LXMImagePosition.h"; sourceTree = "<group>"; };
		435C9DDD1CA2E7EE008A1753 /* UIButton+LXMImagePosition.m */ = {isa = PBXFileReference; fileEncoding = 4; lastKnownFileType = sourcecode.c.objc; path = "UIButton+LXMImagePosition.m"; sourceTree = "<group>"; };
		43AE1EE81AE948630031A3D6 /* Demo_ButtonImageTitleEdgeInsets.app */ = {isa = PBXFileReference; explicitFileType = wrapper.application; includeInIndex = 0; path = Demo_ButtonImageTitleEdgeInsets.app; sourceTree = BUILT_PRODUCTS_DIR; };
		43AE1EEC1AE948630031A3D6 /* Info.plist */ = {isa = PBXFileReference; lastKnownFileType = text.plist.xml; path = Info.plist; sourceTree = "<group>"; };
		43AE1EED1AE948630031A3D6 /* main.m */ = {isa = PBXFileReference; lastKnownFileType = sourcecode.c.objc; path = main.m; sourceTree = "<group>"; };
		43AE1EEF1AE948630031A3D6 /* AppDelegate.h */ = {isa = PBXFileReference; lastKnownFileType = sourcecode.c.h; path = AppDelegate.h; sourceTree = "<group>"; };
		43AE1EF01AE948630031A3D6 /* AppDelegate.m */ = {isa = PBXFileReference; lastKnownFileType = sourcecode.c.objc; path = AppDelegate.m; sourceTree = "<group>"; };
		43AE1EF61AE948630031A3D6 /* Base */ = {isa = PBXFileReference; lastKnownFileType = file.storyboard; name = Base; path = Base.lproj/Main.storyboard; sourceTree = "<group>"; };
		43AE1EF81AE948630031A3D6 /* Images.xcassets */ = {isa = PBXFileReference; lastKnownFileType = folder.assetcatalog; path = Images.xcassets; sourceTree = "<group>"; };
		43AE1EFB1AE948630031A3D6 /* Base */ = {isa = PBXFileReference; lastKnownFileType = file.xib; name = Base; path = Base.lproj/LaunchScreen.xib; sourceTree = "<group>"; };
		43AE1F011AE948630031A3D6 /* Demo_ButtonImageTitleEdgeInsetsTests.xctest */ = {isa = PBXFileReference; explicitFileType = wrapper.cfbundle; includeInIndex = 0; path = Demo_ButtonImageTitleEdgeInsetsTests.xctest; sourceTree = BUILT_PRODUCTS_DIR; };
		43AE1F061AE948630031A3D6 /* Info.plist */ = {isa = PBXFileReference; lastKnownFileType = text.plist.xml; path = Info.plist; sourceTree = "<group>"; };
		43AE1F071AE948630031A3D6 /* Demo_ButtonImageTitleEdgeInsetsTests.m */ = {isa = PBXFileReference; lastKnownFileType = sourcecode.c.objc; path = Demo_ButtonImageTitleEdgeInsetsTests.m; sourceTree = "<group>"; };
		43AE1F111AE948C50031A3D6 /* TEST_ButtonViewController.h */ = {isa = PBXFileReference; fileEncoding = 4; lastKnownFileType = sourcecode.c.h; path = TEST_ButtonViewController.h; sourceTree = "<group>"; };
		43AE1F121AE948C50031A3D6 /* TEST_ButtonViewController.m */ = {isa = PBXFileReference; fileEncoding = 4; lastKnownFileType = sourcecode.c.objc; path = TEST_ButtonViewController.m; sourceTree = "<group>"; };
/* End PBXFileReference section */

/* Begin PBXFrameworksBuildPhase section */
		43AE1EE51AE948630031A3D6 /* Frameworks */ = {
			isa = PBXFrameworksBuildPhase;
			buildActionMask = 2147483647;
			files = (
			);
			runOnlyForDeploymentPostprocessing = 0;
		};
		43AE1EFE1AE948630031A3D6 /* Frameworks */ = {
			isa = PBXFrameworksBuildPhase;
			buildActionMask = 2147483647;
			files = (
			);
			runOnlyForDeploymentPostprocessing = 0;
		};
/* End PBXFrameworksBuildPhase section */

/* Begin PBXGroup section */
		435C9DDB1CA2E7EE008A1753 /* LXMButtonImagePosition */ = {
			isa = PBXGroup;
			children = (
				435C9DDC1CA2E7EE008A1753 /* UIButton+LXMImagePosition.h */,
				435C9DDD1CA2E7EE008A1753 /* UIButton+LXMImagePosition.m */,
			);
			path = LXMButtonImagePosition;
			sourceTree = "<group>";
		};
		43AE1EDF1AE948630031A3D6 = {
			isa = PBXGroup;
			children = (
				43AE1EEA1AE948630031A3D6 /* Demo_ButtonImageTitleEdgeInsets */,
				43AE1F041AE948630031A3D6 /* Demo_ButtonImageTitleEdgeInsetsTests */,
				43AE1EE91AE948630031A3D6 /* Products */,
			);
			sourceTree = "<group>";
		};
		43AE1EE91AE948630031A3D6 /* Products */ = {
			isa = PBXGroup;
			children = (
				43AE1EE81AE948630031A3D6 /* Demo_ButtonImageTitleEdgeInsets.app */,
				43AE1F011AE948630031A3D6 /* Demo_ButtonImageTitleEdgeInsetsTests.xctest */,
			);
			name = Products;
			sourceTree = "<group>";
		};
		43AE1EEA1AE948630031A3D6 /* Demo_ButtonImageTitleEdgeInsets */ = {
			isa = PBXGroup;
			children = (
				435C9DDB1CA2E7EE008A1753 /* LXMButtonImagePosition */,
				43AE1EEF1AE948630031A3D6 /* AppDelegate.h */,
				43AE1EF01AE948630031A3D6 /* AppDelegate.m */,
				43AE1F111AE948C50031A3D6 /* TEST_ButtonViewController.h */,
				43AE1F121AE948C50031A3D6 /* TEST_ButtonViewController.m */,
				43AE1EF51AE948630031A3D6 /* Main.storyboard */,
				43AE1EF81AE948630031A3D6 /* Images.xcassets */,
				43AE1EFA1AE948630031A3D6 /* LaunchScreen.xib */,
				43AE1EEB1AE948630031A3D6 /* Supporting Files */,
			);
			path = Demo_ButtonImageTitleEdgeInsets;
			sourceTree = "<group>";
		};
		43AE1EEB1AE948630031A3D6 /* Supporting Files */ = {
			isa = PBXGroup;
			children = (
				43AE1EEC1AE948630031A3D6 /* Info.plist */,
				43AE1EED1AE948630031A3D6 /* main.m */,
			);
			name = "Supporting Files";
			sourceTree = "<group>";
		};
		43AE1F041AE948630031A3D6 /* Demo_ButtonImageTitleEdgeInsetsTests */ = {
			isa = PBXGroup;
			children = (
				43AE1F071AE948630031A3D6 /* Demo_ButtonImageTitleEdgeInsetsTests.m */,
				43AE1F051AE948630031A3D6 /* Supporting Files */,
			);
			path = Demo_ButtonImageTitleEdgeInsetsTests;
			sourceTree = "<group>";
		};
		43AE1F051AE948630031A3D6 /* Supporting Files */ = {
			isa = PBXGroup;
			children = (
				43AE1F061AE948630031A3D6 /* Info.plist */,
			);
			name = "Supporting Files";
			sourceTree = "<group>";
		};
/* End PBXGroup section */

/* Begin PBXNativeTarget section */
		43AE1EE71AE948630031A3D6 /* Demo_ButtonImageTitleEdgeInsets */ = {
			isa = PBXNativeTarget;
			buildConfigurationList = 43AE1F0B1AE948630031A3D6 /* Build configuration list for PBXNativeTarget "Demo_ButtonImageTitleEdgeInsets" */;
			buildPhases = (
				43AE1EE41AE948630031A3D6 /* Sources */,
				43AE1EE51AE948630031A3D6 /* Frameworks */,
				43AE1EE61AE948630031A3D6 /* Resources */,
			);
			buildRules = (
			);
			dependencies = (
			);
			name = Demo_ButtonImageTitleEdgeInsets;
			productName = Demo_ButtonImageTitleEdgeInsets;
			productReference = 43AE1EE81AE948630031A3D6 /* Demo_ButtonImageTitleEdgeInsets.app */;
			productType = "com.apple.product-type.application";
		};
		43AE1F001AE948630031A3D6 /* Demo_ButtonImageTitleEdgeInsetsTests */ = {
			isa = PBXNativeTarget;
			buildConfigurationList = 43AE1F0E1AE948630031A3D6 /* Build configuration list for PBXNativeTarget "Demo_ButtonImageTitleEdgeInsetsTests" */;
			buildPhases = (
				43AE1EFD1AE948630031A3D6 /* Sources */,
				43AE1EFE1AE948630031A3D6 /* Frameworks */,
				43AE1EFF1AE948630031A3D6 /* Resources */,
			);
			buildRules = (
			);
			dependencies = (
				43AE1F031AE948630031A3D6 /* PBXTargetDependency */,
			);
			name = Demo_ButtonImageTitleEdgeInsetsTests;
			productName = Demo_ButtonImageTitleEdgeInsetsTests;
			productReference = 43AE1F011AE948630031A3D6 /* Demo_ButtonImageTitleEdgeInsetsTests.xctest */;
			productType = "com.apple.product-type.bundle.unit-test";
		};
/* End PBXNativeTarget section */

/* Begin PBXProject section */
		43AE1EE01AE948630031A3D6 /* Project object */ = {
			isa = PBXProject;
			attributes = {
				LastUpgradeCheck = 0630;
				ORGANIZATIONNAME = luxiaoming;
				TargetAttributes = {
					43AE1EE71AE948630031A3D6 = {
						CreatedOnToolsVersion = 6.3;
					};
					43AE1F001AE948630031A3D6 = {
						CreatedOnToolsVersion = 6.3;
						TestTargetID = 43AE1EE71AE948630031A3D6;
					};
				};
			};
			buildConfigurationList = 43AE1EE31AE948630031A3D6 /* Build configuration list for PBXProject "Demo_ButtonImageTitleEdgeInsets" */;
			compatibilityVersion = "Xcode 3.2";
			developmentRegion = English;
			hasScannedForEncodings = 0;
			knownRegions = (
				en,
				Base,
			);
			mainGroup = 43AE1EDF1AE948630031A3D6;
			productRefGroup = 43AE1EE91AE948630031A3D6 /* Products */;
			projectDirPath = "";
			projectRoot = "";
			targets = (
				43AE1EE71AE948630031A3D6 /* Demo_ButtonImageTitleEdgeInsets */,
				43AE1F001AE948630031A3D6 /* Demo_ButtonImageTitleEdgeInsetsTests */,
			);
		};
/* End PBXProject section */

/* Begin PBXResourcesBuildPhase section */
		43AE1EE61AE948630031A3D6 /* Resources */ = {
			isa = PBXResourcesBuildPhase;
			buildActionMask = 2147483647;
			files = (
				43AE1EF71AE948630031A3D6 /* Main.storyboard in Resources */,
				43AE1EFC1AE948630031A3D6 /* LaunchScreen.xib in Resources */,
				43AE1EF91AE948630031A3D6 /* Images.xcassets in Resources */,
			);
			runOnlyForDeploymentPostprocessing = 0;
		};
		43AE1EFF1AE948630031A3D6 /* Resources */ = {
			isa = PBXResourcesBuildPhase;
			buildActionMask = 2147483647;
			files = (
			);
			runOnlyForDeploymentPostprocessing = 0;
		};
/* End PBXResourcesBuildPhase section */

/* Begin PBXSourcesBuildPhase section */
		43AE1EE41AE948630031A3D6 /* Sources */ = {
			isa = PBXSourcesBuildPhase;
			buildActionMask = 2147483647;
			files = (
				43AE1EF11AE948630031A3D6 /* AppDelegate.m in Sources */,
				43AE1F131AE948C50031A3D6 /* TEST_ButtonViewController.m in Sources */,
				435C9DDE1CA2E7EE008A1753 /* UIButton+LXMImagePosition.m in Sources */,
				43AE1EEE1AE948630031A3D6 /* main.m in Sources */,
			);
			runOnlyForDeploymentPostprocessing = 0;
		};
		43AE1EFD1AE948630031A3D6 /* Sources */ = {
			isa = PBXSourcesBuildPhase;
			buildActionMask = 2147483647;
			files = (
				43AE1F081AE948630031A3D6 /* Demo_ButtonImageTitleEdgeInsetsTests.m in Sources */,
			);
			runOnlyForDeploymentPostprocessing = 0;
		};
/* End PBXSourcesBuildPhase section */

/* Begin PBXTargetDependency section */
		43AE1F031AE948630031A3D6 /* PBXTargetDependency */ = {
			isa = PBXTargetDependency;
			target = 43AE1EE71AE948630031A3D6 /* Demo_ButtonImageTitleEdgeInsets */;
			targetProxy = 43AE1F021AE948630031A3D6 /* PBXContainerItemProxy */;
		};
/* End PBXTargetDependency section */

/* Begin PBXVariantGroup section */
		43AE1EF51AE948630031A3D6 /* Main.storyboard */ = {
			isa = PBXVariantGroup;
			children = (
				43AE1EF61AE948630031A3D6 /* Base */,
			);
			name = Main.storyboard;
			sourceTree = "<group>";
		};
		43AE1EFA1AE948630031A3D6 /* LaunchScreen.xib */ = {
			isa = PBXVariantGroup;
			children = (
				43AE1EFB1AE948630031A3D6 /* Base */,
			);
			name = LaunchScreen.xib;
			sourceTree = "<group>";
		};
/* End PBXVariantGroup section */

/* Begin XCBuildConfiguration section */
		43AE1F091AE948630031A3D6 /* Debug */ = {
			isa = XCBuildConfiguration;
			buildSettings = {
				ALWAYS_SEARCH_USER_PATHS = NO;
				CLANG_CXX_LANGUAGE_STANDARD = "gnu++0x";
				CLANG_CXX_LIBRARY = "libc++";
				CLANG_ENABLE_MODULES = YES;
				CLANG_ENABLE_OBJC_ARC = YES;
				CLANG_WARN_BOOL_CONVERSION = YES;
				CLANG_WARN_CONSTANT_CONVERSION = YES;
				CLANG_WARN_DIRECT_OBJC_ISA_USAGE = YES_ERROR;
				CLANG_WARN_EMPTY_BODY = YES;
				CLANG_WARN_ENUM_CONVERSION = YES;
				CLANG_WARN_INT_CONVERSION = YES;
				CLANG_WARN_OBJC_ROOT_CLASS = YES_ERROR;
				CLANG_WARN_UNREACHABLE_CODE = YES;
				CLANG_WARN__DUPLICATE_METHOD_MATCH = YES;
				"CODE_SIGN_IDENTITY[sdk=iphoneos*]" = "iPhone Developer";
				COPY_PHASE_STRIP = NO;
				DEBUG_INFORMATION_FORMAT = "dwarf-with-dsym";
				ENABLE_STRICT_OBJC_MSGSEND = YES;
				GCC_C_LANGUAGE_STANDARD = gnu99;
				GCC_DYNAMIC_NO_PIC = NO;
				GCC_NO_COMMON_BLOCKS = YES;
				GCC_OPTIMIZATION_LEVEL = 0;
				GCC_PREPROCESSOR_DEFINITIONS = (
					"DEBUG=1",
					"$(inherited)",
				);
				GCC_SYMBOLS_PRIVATE_EXTERN = NO;
				GCC_WARN_64_TO_32_BIT_CONVERSION = YES;
				GCC_WARN_ABOUT_RETURN_TYPE = YES_ERROR;
				GCC_WARN_UNDECLARED_SELECTOR = YES;
				GCC_WARN_UNINITIALIZED_AUTOS = YES_AGGRESSIVE;
				GCC_WARN_UNUSED_FUNCTION = YES;
				GCC_WARN_UNUSED_VARIABLE = YES;
				IPHONEOS_DEPLOYMENT_TARGET = 8.3;
				MTL_ENABLE_DEBUG_INFO = YES;
				ONLY_ACTIVE_ARCH = YES;
				SDKROOT = iphoneos;
			};
			name = Debug;
		};
		43AE1F0A1AE948630031A3D6 /* Release */ = {
			isa = XCBuildConfiguration;
			buildSettings = {
				ALWAYS_SEARCH_USER_PATHS = NO;
				CLANG_CXX_LANGUAGE_STANDARD = "gnu++0x";
				CLANG_CXX_LIBRARY = "libc++";
				CLANG_ENABLE_MODULES = YES;
				CLANG_ENABLE_OBJC_ARC = YES;
				CLANG_WARN_BOOL_CONVERSION = YES;
				CLANG_WARN_CONSTANT_CONVERSION = YES;
				CLANG_WARN_DIRECT_OBJC_ISA_USAGE = YES_ERROR;
				CLANG_WARN_EMPTY_BODY = YES;
				CLANG_WARN_ENUM_CONVERSION = YES;
				CLANG_WARN_INT_CONVERSION = YES;
				CLANG_WARN_OBJC_ROOT_CLASS = YES_ERROR;
				CLANG_WARN_UNREACHABLE_CODE = YES;
				CLANG_WARN__DUPLICATE_METHOD_MATCH = YES;
				"CODE_SIGN_IDENTITY[sdk=iphoneos*]" = "iPhone Developer";
				COPY_PHASE_STRIP = NO;
				DEBUG_INFORMATION_FORMAT = "dwarf-with-dsym";
				ENABLE_NS_ASSERTIONS = NO;
				ENABLE_STRICT_OBJC_MSGSEND = YES;
				GCC_C_LANGUAGE_STANDARD = gnu99;
				GCC_NO_COMMON_BLOCKS = YES;
				GCC_WARN_64_TO_32_BIT_CONVERSION = YES;
				GCC_WARN_ABOUT_RETURN_TYPE = YES_ERROR;
				GCC_WARN_UNDECLARED_SELECTOR = YES;
				GCC_WARN_UNINITIALIZED_AUTOS = YES_AGGRESSIVE;
				GCC_WARN_UNUSED_FUNCTION = YES;
				GCC_WARN_UNUSED_VARIABLE = YES;
				IPHONEOS_DEPLOYMENT_TARGET = 8.3;
				MTL_ENABLE_DEBUG_INFO = NO;
				SDKROOT = iphoneos;
				VALIDATE_PRODUCT = YES;
			};
			name = Release;
		};
		43AE1F0C1AE948630031A3D6 /* Debug */ = {
			isa = XCBuildConfiguration;
			buildSettings = {
				ASSETCATALOG_COMPILER_APPICON_NAME = AppIcon;
				INFOPLIST_FILE = Demo_ButtonImageTitleEdgeInsets/Info.plist;
				IPHONEOS_DEPLOYMENT_TARGET = 7.1;
				LD_RUNPATH_SEARCH_PATHS = "$(inherited) @executable_path/Frameworks";
				PRODUCT_NAME = "$(TARGET_NAME)";
			};
			name = Debug;
		};
		43AE1F0D1AE948630031A3D6 /* Release */ = {
			isa = XCBuildConfiguration;
			buildSettings = {
				ASSETCATALOG_COMPILER_APPICON_NAME = AppIcon;
				INFOPLIST_FILE = Demo_ButtonImageTitleEdgeInsets/Info.plist;
				IPHONEOS_DEPLOYMENT_TARGET = 7.1;
				LD_RUNPATH_SEARCH_PATHS = "$(inherited) @executable_path/Frameworks";
				PRODUCT_NAME = "$(TARGET_NAME)";
			};
			name = Release;
		};
		43AE1F0F1AE948630031A3D6 /* Debug */ = {
			isa = XCBuildConfiguration;
			buildSettings = {
				BUNDLE_LOADER = "$(TEST_HOST)";
				FRAMEWORK_SEARCH_PATHS = (
					"$(SDKROOT)/Developer/Library/Frameworks",
					"$(inherited)",
				);
				GCC_PREPROCESSOR_DEFINITIONS = (
					"DEBUG=1",
					"$(inherited)",
				);
				INFOPLIST_FILE = Demo_ButtonImageTitleEdgeInsetsTests/Info.plist;
				LD_RUNPATH_SEARCH_PATHS = "$(inherited) @executable_path/Frameworks @loader_path/Frameworks";
				PRODUCT_NAME = "$(TARGET_NAME)";
				TEST_HOST = "$(BUILT_PRODUCTS_DIR)/Demo_ButtonImageTitleEdgeInsets.app/Demo_ButtonImageTitleEdgeInsets";
			};
			name = Debug;
		};
		43AE1F101AE948630031A3D6 /* Release */ = {
			isa = XCBuildConfiguration;
			buildSettings = {
				BUNDLE_LOADER = "$(TEST_HOST)";
				FRAMEWORK_SEARCH_PATHS = (
					"$(SDKROOT)/Developer/Library/Frameworks",
					"$(inherited)",
				);
				INFOPLIST_FILE = Demo_ButtonImageTitleEdgeInsetsTests/Info.plist;
				LD_RUNPATH_SEARCH_PATHS = "$(inherited) @executable_path/Frameworks @loader_path/Frameworks";
				PRODUCT_NAME = "$(TARGET_NAME)";
				TEST_HOST = "$(BUILT_PRODUCTS_DIR)/Demo_ButtonImageTitleEdgeInsets.app/Demo_ButtonImageTitleEdgeInsets";
			};
			name = Release;
		};
/* End XCBuildConfiguration section */

/* Begin XCConfigurationList section */
		43AE1EE31AE948630031A3D6 /* Build configuration list for PBXProject "Demo_ButtonImageTitleEdgeInsets" */ = {
			isa = XCConfigurationList;
			buildConfigurations = (
				43AE1F091AE948630031A3D6 /* Debug */,
				43AE1F0A1AE948630031A3D6 /* Release */,
			);
			defaultConfigurationIsVisible = 0;
			defaultConfigurationName = Release;
		};
		43AE1F0B1AE948630031A3D6 /* Build configuration list for PBXNativeTarget "Demo_ButtonImageTitleEdgeInsets" */ = {
			isa = XCConfigurationList;
			buildConfigurations = (
				43AE1F0C1AE948630031A3D6 /* Debug */,
				43AE1F0D1AE948630031A3D6 /* Release */,
			);
			defaultConfigurationIsVisible = 0;
			defaultConfigurationName = Release;
		};
		43AE1F0E1AE948630031A3D6 /* Build configuration list for PBXNativeTarget "Demo_ButtonImageTitleEdgeInsetsTests" */ = {
			isa = XCConfigurationList;
			buildConfigurations = (
				43AE1F0F1AE948630031A3D6 /* Debug */,
				43AE1F101AE948630031A3D6 /* Release */,
			);
			defaultConfigurationIsVisible = 0;
			defaultConfigurationName = Release;
		};
/* End XCConfigurationList section */
	};
	rootObject = 43AE1EE01AE948630031A3D6 /* Project object */;
}
